
Microsoft Visual Studio Solution File, Format Version 12.00
# Visual Studio 2012
Project("{FAE04EC0-301F-11D3-BF4B-00C04F79EFBC}") = "Petuda.Model.DDD", "Petuda.Model.DDD\Petuda.Model.DDD.csproj", "{78D50131-CEF0-40A9-87E1-7652ED4B9FC3}"
EndProject
Project("{FAE04EC0-301F-11D3-BF4B-00C04F79EFBC}") = "Petuda.DAL", "PetudaDAL\Petuda.DAL.csproj", "{0053EDFD-3982-471E-A5D1-151B456D6371}"
EndProject
Project("{FAE04EC0-301F-11D3-BF4B-00C04F79EFBC}") = "Petuda.Views", "Petuda.Views\Petuda.Views.csproj", "{F440D017-B478-457B-AB28-89A003163094}"
EndProject
Project("{FAE04EC0-301F-11D3-BF4B-00C04F79EFBC}") = "Petuda.ViewModels", "Petuda.ViewModels\Petuda.ViewModels.csproj", "{7E03541B-90A9-4AD9-8CA6-D801A3D5F036}"
EndProject
Global
	GlobalSection(SolutionConfigurationPlatforms) = preSolution
		CD_ROM|Any CPU = CD_ROM|Any CPU
		Debug|Any CPU = Debug|Any CPU
		DVD-5|Any CPU = DVD-5|Any CPU
		Release|Any CPU = Release|Any CPU
		SingleImage|Any CPU = SingleImage|Any CPU
	EndGlobalSection
	GlobalSection(ProjectConfigurationPlatforms) = postSolution
		{78D50131-CEF0-40A9-87E1-7652ED4B9FC3}.CD_ROM|Any CPU.ActiveCfg = Release|Any CPU
		{78D50131-CEF0-40A9-87E1-7652ED4B9FC3}.CD_ROM|Any CPU.Build.0 = Release|Any CPU
		{78D50131-CEF0-40A9-87E1-7652ED4B9FC3}.Debug|Any CPU.ActiveCfg = Debug|Any CPU
		{78D50131-CEF0-40A9-87E1-7652ED4B9FC3}.Debug|Any CPU.Build.0 = Debug|Any CPU
		{78D50131-CEF0-40A9-87E1-7652ED4B9FC3}.DVD-5|Any CPU.ActiveCfg = Debug|Any CPU
		{78D50131-CEF0-40A9-87E1-7652ED4B9FC3}.DVD-5|Any CPU.Build.0 = Debug|Any CPU
		{78D50131-CEF0-40A9-87E1-7652ED4B9FC3}.Release|Any CPU.ActiveCfg = Release|Any CPU
		{78D50131-CEF0-40A9-87E1-7652ED4B9FC3}.Release|Any CPU.Build.0 = Release|Any CPU
		{78D50131-CEF0-40A9-87E1-7652ED4B9FC3}.SingleImage|Any CPU.ActiveCfg = Release|Any CPU
		{78D50131-CEF0-40A9-87E1-7652ED4B9FC3}.SingleImage|Any CPU.Build.0 = Release|Any CPU
		{0053EDFD-3982-471E-A5D1-151B456D6371}.CD_ROM|Any CPU.ActiveCfg = Release|Any CPU
		{0053EDFD-3982-471E-A5D1-151B456D6371}.CD_ROM|Any CPU.Build.0 = Release|Any CPU
		{0053EDFD-3982-471E-A5D1-151B456D6371}.Debug|Any CPU.ActiveCfg = Debug|Any CPU
		{0053EDFD-3982-471E-A5D1-151B456D6371}.Debug|Any CPU.Build.0 = Debug|Any CPU
		{0053EDFD-3982-471E-A5D1-151B456D6371}.DVD-5|Any CPU.ActiveCfg = Debug|Any CPU
		{0053EDFD-3982-471E-A5D1-151B456D6371}.DVD-5|Any CPU.Build.0 = Debug|Any CPU
		{0053EDFD-3982-471E-A5D1-151B456D6371}.Release|Any CPU.ActiveCfg = Release|Any CPU
		{0053EDFD-3982-471E-A5D1-151B456D6371}.Release|Any CPU.Build.0 = Release|Any CPU
		{0053EDFD-3982-471E-A5D1-151B456D6371}.SingleImage|Any CPU.ActiveCfg = Release|Any CPU
		{0053EDFD-3982-471E-A5D1-151B456D6371}.SingleImage|Any CPU.Build.0 = Release|Any CPU
		{F440D017-B478-457B-AB28-89A003163094}.CD_ROM|Any CPU.ActiveCfg = Release|Any CPU
		{F440D017-B478-457B-AB28-89A003163094}.CD_ROM|Any CPU.Build.0 = Release|Any CPU
		{F440D017-B478-457B-AB28-89A003163094}.Debug|Any CPU.ActiveCfg = Debug|Any CPU
		{F440D017-B478-457B-AB28-89A003163094}.Debug|Any CPU.Build.0 = Debug|Any CPU
		{F440D017-B478-457B-AB28-89A003163094}.DVD-5|Any CPU.ActiveCfg = Debug|Any CPU
		{F440D017-B478-457B-AB28-89A003163094}.DVD-5|Any CPU.Build.0 = Debug|Any CPU
		{F440D017-B478-457B-AB28-89A003163094}.Release|Any CPU.ActiveCfg = Release|Any CPU
		{F440D017-B478-457B-AB28-89A003163094}.Release|Any CPU.Build.0 = Release|Any CPU
		{F440D017-B478-457B-AB28-89A003163094}.SingleImage|Any CPU.ActiveCfg = Release|Any CPU
		{F440D017-B478-457B-AB28-89A003163094}.SingleImage|Any CPU.Build.0 = Release|Any CPU
		{7E03541B-90A9-4AD9-8CA6-D801A3D5F036}.CD_ROM|Any CPU.ActiveCfg = Release|Any CPU
		{7E03541B-90A9-4AD9-8CA6-D801A3D5F036}.CD_ROM|Any CPU.Build.0 = Release|Any CPU
		{7E03541B-90A9-4AD9-8CA6-D801A3D5F036}.Debug|Any CPU.ActiveCfg = Debug|Any CPU
		{7E03541B-90A9-4AD9-8CA6-D801A3D5F036}.Debug|Any CPU.Build.0 = Debug|Any CPU
		{7E03541B-90A9-4AD9-8CA6-D801A3D5F036}.DVD-5|Any CPU.ActiveCfg = Debug|Any CPU
		{7E03541B-90A9-4AD9-8CA6-D801A3D5F036}.DVD-5|Any CPU.Build.0 = Debug|Any CPU
		{7E03541B-90A9-4AD9-8CA6-D801A3D5F036}.Release|Any CPU.ActiveCfg = Release|Any CPU
		{7E03541B-90A9-4AD9-8CA6-D801A3D5F036}.Release|Any CPU.Build.0 = Release|Any CPU
		{7E03541B-90A9-4AD9-8CA6-D801A3D5F036}.SingleImage|Any CPU.ActiveCfg = Release|Any CPU
		{7E03541B-90A9-4AD9-8CA6-D801A3D5F036}.SingleImage|Any CPU.Build.0 = Release|Any CPU
	EndGlobalSection
	GlobalSection(SolutionProperties) = preSolution
		HideSolutionNode = FALSE
	EndGlobalSection
EndGlobal
